
Microsoft Visual Studio Solution File, Format Version 12.00
# Visual Studio Version 16
VisualStudioVersion = 16.0.31605.320
MinimumVisualStudioVersion = 10.0.40219.1
Project("{FAE04EC0-301F-11D3-BF4B-00C04F79EFBC}") = "EntityFramwworkNet5.ConsoleApp", "EntityFramwworkNet5.ConsoleApp\EntityFramwworkNet5.ConsoleApp.csproj", "{6C5E06D0-0C3F-41BB-A324-C0F525ADB204}"
EndProject
Project("{FAE04EC0-301F-11D3-BF4B-00C04F79EFBC}") = "EntityFramwworkNet5.Data", "EntityFramwworkNet5.Data\EntityFramwworkNet5.Data.csproj", "{861BE9D4-F4A0-4FB4-9E16-29CF90882478}"
EndProject
Project("{FAE04EC0-301F-11D3-BF4B-00C04F79EFBC}") = "EntityFramwworkNet5.Domain", "EntityFramwworkNet5.Domain\EntityFramwworkNet5.Domain.csproj", "{A4825B6B-54E7-4AF1-8771-8BF71D4D4BAB}"
EndProject
Global
	GlobalSection(SolutionConfigurationPlatforms) = preSolution
		Debug|Any CPU = Debug|Any CPU
		Release|Any CPU = Release|Any CPU
	EndGlobalSection
	GlobalSection(ProjectConfigurationPlatforms) = postSolution
		{6C5E06D0-0C3F-41BB-A324-C0F525ADB204}.Debug|Any CPU.ActiveCfg = Debug|Any CPU
		{6C5E06D0-0C3F-41BB-A324-C0F525ADB204}.Debug|Any CPU.Build.0 = Debug|Any CPU
		{6C5E06D0-0C3F-41BB-A324-C0F525ADB204}.Release|Any CPU.ActiveCfg = Release|Any CPU
		{6C5E06D0-0C3F-41BB-A324-C0F525ADB204}.Release|Any CPU.Build.0 = Release|Any CPU
		{861BE9D4-F4A0-4FB4-9E16-29CF90882478}.Debug|Any CPU.ActiveCfg = Debug|Any CPU
		{861BE9D4-F4A0-4FB4-9E16-29CF90882478}.Debug|Any CPU.Build.0 = Debug|Any CPU
		{861BE9D4-F4A0-4FB4-9E16-29CF90882478}.Release|Any CPU.ActiveCfg = Release|Any CPU
		{861BE9D4-F4A0-4FB4-9E16-29CF90882478}.Release|Any CPU.Build.0 = Release|Any CPU
		{A4825B6B-54E7-4AF1-8771-8BF71D4D4BAB}.Debug|Any CPU.ActiveCfg = Debug|Any CPU
		{A4825B6B-54E7-4AF1-8771-8BF71D4D4BAB}.Debug|Any CPU.Build.0 = Debug|Any CPU
		{A4825B6B-54E7-4AF1-8771-8BF71D4D4BAB}.Release|Any CPU.ActiveCfg = Release|Any CPU
		{A4825B6B-54E7-4AF1-8771-8BF71D4D4BAB}.Release|Any CPU.Build.0 = Release|Any CPU
	EndGlobalSection
	GlobalSection(SolutionProperties) = preSolution
		HideSolutionNode = FALSE
	EndGlobalSection
	GlobalSection(ExtensibilityGlobals) = postSolution
		SolutionGuid = {02A9E5C2-471D-41B6-9541-45CC531B289A}
	EndGlobalSection
EndGlobal
